
Microsoft Visual Studio Solution File, Format Version 12.00
# Visual Studio 15
VisualStudioVersion = 15.0.26124.0
MinimumVisualStudioVersion = 15.0.26124.0
Project("{FAE04EC0-301F-11D3-BF4B-00C04F79EFBC}") = "Web", "Web\Web.csproj", "{5E0E336A-8AF4-4C20-B1F7-A69A8F3A52EB}"
EndProject
Project("{FAE04EC0-301F-11D3-BF4B-00C04F79EFBC}") = "Test", "Test\Test.csproj", "{ECD5D6F0-D495-4990-BFD2-02604D4CE689}"
EndProject
Project("{FAE04EC0-301F-11D3-BF4B-00C04F79EFBC}") = "API", "API\API.csproj", "{97A2D482-FF09-4484-81D4-28D7E17048D3}"
EndProject
Project("{FAE04EC0-301F-11D3-BF4B-00C04F79EFBC}") = "DataLogic", "DataLogic\DataLogic.csproj", "{05488A50-C077-4AC8-856B-ED8692635866}"
EndProject
Global
	GlobalSection(SolutionConfigurationPlatforms) = preSolution
		Debug|Any CPU = Debug|Any CPU
		Debug|x64 = Debug|x64
		Debug|x86 = Debug|x86
		Release|Any CPU = Release|Any CPU
		Release|x64 = Release|x64
		Release|x86 = Release|x86
	EndGlobalSection
	GlobalSection(SolutionProperties) = preSolution
		HideSolutionNode = FALSE
	EndGlobalSection
	GlobalSection(ProjectConfigurationPlatforms) = postSolution
		{5E0E336A-8AF4-4C20-B1F7-A69A8F3A52EB}.Debug|Any CPU.ActiveCfg = Debug|Any CPU
		{5E0E336A-8AF4-4C20-B1F7-A69A8F3A52EB}.Debug|Any CPU.Build.0 = Debug|Any CPU
		{5E0E336A-8AF4-4C20-B1F7-A69A8F3A52EB}.Debug|x64.ActiveCfg = Debug|Any CPU
		{5E0E336A-8AF4-4C20-B1F7-A69A8F3A52EB}.Debug|x64.Build.0 = Debug|Any CPU
		{5E0E336A-8AF4-4C20-B1F7-A69A8F3A52EB}.Debug|x86.ActiveCfg = Debug|Any CPU
		{5E0E336A-8AF4-4C20-B1F7-A69A8F3A52EB}.Debug|x86.Build.0 = Debug|Any CPU
		{5E0E336A-8AF4-4C20-B1F7-A69A8F3A52EB}.Release|Any CPU.ActiveCfg = Release|Any CPU
		{5E0E336A-8AF4-4C20-B1F7-A69A8F3A52EB}.Release|Any CPU.Build.0 = Release|Any CPU
		{5E0E336A-8AF4-4C20-B1F7-A69A8F3A52EB}.Release|x64.ActiveCfg = Release|Any CPU
		{5E0E336A-8AF4-4C20-B1F7-A69A8F3A52EB}.Release|x64.Build.0 = Release|Any CPU
		{5E0E336A-8AF4-4C20-B1F7-A69A8F3A52EB}.Release|x86.ActiveCfg = Release|Any CPU
		{5E0E336A-8AF4-4C20-B1F7-A69A8F3A52EB}.Release|x86.Build.0 = Release|Any CPU
		{ECD5D6F0-D495-4990-BFD2-02604D4CE689}.Debug|Any CPU.ActiveCfg = Debug|Any CPU
		{ECD5D6F0-D495-4990-BFD2-02604D4CE689}.Debug|Any CPU.Build.0 = Debug|Any CPU
		{ECD5D6F0-D495-4990-BFD2-02604D4CE689}.Debug|x64.ActiveCfg = Debug|Any CPU
		{ECD5D6F0-D495-4990-BFD2-02604D4CE689}.Debug|x64.Build.0 = Debug|Any CPU
		{ECD5D6F0-D495-4990-BFD2-02604D4CE689}.Debug|x86.ActiveCfg = Debug|Any CPU
		{ECD5D6F0-D495-4990-BFD2-02604D4CE689}.Debug|x86.Build.0 = Debug|Any CPU
		{ECD5D6F0-D495-4990-BFD2-02604D4CE689}.Release|Any CPU.ActiveCfg = Release|Any CPU
		{ECD5D6F0-D495-4990-BFD2-02604D4CE689}.Release|Any CPU.Build.0 = Release|Any CPU
		{ECD5D6F0-D495-4990-BFD2-02604D4CE689}.Release|x64.ActiveCfg = Release|Any CPU
		{ECD5D6F0-D495-4990-BFD2-02604D4CE689}.Release|x64.Build.0 = Release|Any CPU
		{ECD5D6F0-D495-4990-BFD2-02604D4CE689}.Release|x86.ActiveCfg = Release|Any CPU
		{ECD5D6F0-D495-4990-BFD2-02604D4CE689}.Release|x86.Build.0 = Release|Any CPU
		{97A2D482-FF09-4484-81D4-28D7E17048D3}.Debug|Any CPU.ActiveCfg = Debug|Any CPU
		{97A2D482-FF09-4484-81D4-28D7E17048D3}.Debug|Any CPU.Build.0 = Debug|Any CPU
		{97A2D482-FF09-4484-81D4-28D7E17048D3}.Debug|x64.ActiveCfg = Debug|Any CPU
		{97A2D482-FF09-4484-81D4-28D7E17048D3}.Debug|x64.Build.0 = Debug|Any CPU
		{97A2D482-FF09-4484-81D4-28D7E17048D3}.Debug|x86.ActiveCfg = Debug|Any CPU
		{97A2D482-FF09-4484-81D4-28D7E17048D3}.Debug|x86.Build.0 = Debug|Any CPU
		{97A2D482-FF09-4484-81D4-28D7E17048D3}.Release|Any CPU.ActiveCfg = Release|Any CPU
		{97A2D482-FF09-4484-81D4-28D7E17048D3}.Release|Any CPU.Build.0 = Release|Any CPU
		{97A2D482-FF09-4484-81D4-28D7E17048D3}.Release|x64.ActiveCfg = Release|Any CPU
		{97A2D482-FF09-4484-81D4-28D7E17048D3}.Release|x64.Build.0 = Release|Any CPU
		{97A2D482-FF09-4484-81D4-28D7E17048D3}.Release|x86.ActiveCfg = Release|Any CPU
		{97A2D482-FF09-4484-81D4-28D7E17048D3}.Release|x86.Build.0 = Release|Any CPU
		{05488A50-C077-4AC8-856B-ED8692635866}.Debug|Any CPU.ActiveCfg = Debug|Any CPU
		{05488A50-C077-4AC8-856B-ED8692635866}.Debug|Any CPU.Build.0 = Debug|Any CPU
		{05488A50-C077-4AC8-856B-ED8692635866}.Debug|x64.ActiveCfg = Debug|Any CPU
		{05488A50-C077-4AC8-856B-ED8692635866}.Debug|x64.Build.0 = Debug|Any CPU
		{05488A50-C077-4AC8-856B-ED8692635866}.Debug|x86.ActiveCfg = Debug|Any CPU
		{05488A50-C077-4AC8-856B-ED8692635866}.Debug|x86.Build.0 = Debug|Any CPU
		{05488A50-C077-4AC8-856B-ED8692635866}.Release|Any CPU.ActiveCfg = Release|Any CPU
		{05488A50-C077-4AC8-856B-ED8692635866}.Release|Any CPU.Build.0 = Release|Any CPU
		{05488A50-C077-4AC8-856B-ED8692635866}.Release|x64.ActiveCfg = Release|Any CPU
		{05488A50-C077-4AC8-856B-ED8692635866}.Release|x64.Build.0 = Release|Any CPU
		{05488A50-C077-4AC8-856B-ED8692635866}.Release|x86.ActiveCfg = Release|Any CPU
		{05488A50-C077-4AC8-856B-ED8692635866}.Release|x86.Build.0 = Release|Any CPU
	EndGlobalSection
EndGlobal
